
Microsoft Visual Studio Solution File, Format Version 12.00
# Visual Studio 15
VisualStudioVersion = 15.0.28010.2041
MinimumVisualStudioVersion = 10.0.40219.1
Project("{FAE04EC0-301F-11D3-BF4B-00C04F79EFBC}") = "SiiGroup.Android", "SiiGroupChileCross\SiiGroupChileCross.Android\SiiGroup.Android.csproj", "{FEDE65BC-8556-40B7-9FF3-4C992A67C1D5}"
EndProject
Project("{FAE04EC0-301F-11D3-BF4B-00C04F79EFBC}") = "SiiGroupChileCross.iOS", "SiiGroupChileCross\SiiGroupChileCross.iOS\SiiGroupChileCross.iOS.csproj", "{3E44F201-A9F5-4300-9D01-891E62E78E97}"
EndProject
Project("{9A19103F-16F7-4668-BE54-9A1E7A4F7556}") = "SiiGroupChileCross", "SiiGroupChileCross\SiiGroupChileCross\SiiGroupChileCross.csproj", "{146C167D-B16C-46F0-88B2-AA6523EBCD71}"
EndProject
Project("{FAE04EC0-301F-11D3-BF4B-00C04F79EFBC}") = "SiiGroupChileCross.Backend", "SiiGroupChileCross.Backend\SiiGroupChileCross.Backend.csproj", "{4AF95A42-9326-4984-A141-5E0DF8D3062A}"
EndProject
Project("{FAE04EC0-301F-11D3-BF4B-00C04F79EFBC}") = "SiiGroupChileCross.API", "SiiGroupChileCross.API\SiiGroupChileCross.API.csproj", "{CDD9A76C-EBFA-41BC-8087-0F8F537F7323}"
EndProject
Project("{FAE04EC0-301F-11D3-BF4B-00C04F79EFBC}") = "SiiGroupChileCross.Domain", "SiiGroupChileCross.Domain\SiiGroupChileCross.Domain.csproj", "{DA91483D-FB58-4A92-9D35-67B6600267FF}"
EndProject
Project("{FAE04EC0-301F-11D3-BF4B-00C04F79EFBC}") = "SiiGroupChileCross.Common", "SiiGroupChileCross.Common\SiiGroupChileCross.Common.csproj", "{53A77C29-92D1-4F81-8FB0-1875583A1F44}"
EndProject
Global
	GlobalSection(SolutionConfigurationPlatforms) = preSolution
		Ad-Hoc|Any CPU = Ad-Hoc|Any CPU
		Ad-Hoc|iPhone = Ad-Hoc|iPhone
		Ad-Hoc|iPhoneSimulator = Ad-Hoc|iPhoneSimulator
		AppStore|Any CPU = AppStore|Any CPU
		AppStore|iPhone = AppStore|iPhone
		AppStore|iPhoneSimulator = AppStore|iPhoneSimulator
		Debug|Any CPU = Debug|Any CPU
		Debug|iPhone = Debug|iPhone
		Debug|iPhoneSimulator = Debug|iPhoneSimulator
		Release|Any CPU = Release|Any CPU
		Release|iPhone = Release|iPhone
		Release|iPhoneSimulator = Release|iPhoneSimulator
	EndGlobalSection
	GlobalSection(ProjectConfigurationPlatforms) = postSolution
		{FEDE65BC-8556-40B7-9FF3-4C992A67C1D5}.Ad-Hoc|Any CPU.ActiveCfg = Release|Any CPU
		{FEDE65BC-8556-40B7-9FF3-4C992A67C1D5}.Ad-Hoc|Any CPU.Build.0 = Release|Any CPU
		{FEDE65BC-8556-40B7-9FF3-4C992A67C1D5}.Ad-Hoc|Any CPU.Deploy.0 = Release|Any CPU
		{FEDE65BC-8556-40B7-9FF3-4C992A67C1D5}.Ad-Hoc|iPhone.ActiveCfg = Release|Any CPU
		{FEDE65BC-8556-40B7-9FF3-4C992A67C1D5}.Ad-Hoc|iPhone.Build.0 = Release|Any CPU
		{FEDE65BC-8556-40B7-9FF3-4C992A67C1D5}.Ad-Hoc|iPhone.Deploy.0 = Release|Any CPU
		{FEDE65BC-8556-40B7-9FF3-4C992A67C1D5}.Ad-Hoc|iPhoneSimulator.ActiveCfg = Release|Any CPU
		{FEDE65BC-8556-40B7-9FF3-4C992A67C1D5}.Ad-Hoc|iPhoneSimulator.Build.0 = Release|Any CPU
		{FEDE65BC-8556-40B7-9FF3-4C992A67C1D5}.Ad-Hoc|iPhoneSimulator.Deploy.0 = Release|Any CPU
		{FEDE65BC-8556-40B7-9FF3-4C992A67C1D5}.AppStore|Any CPU.ActiveCfg = Release|Any CPU
		{FEDE65BC-8556-40B7-9FF3-4C992A67C1D5}.AppStore|Any CPU.Build.0 = Release|Any CPU
		{FEDE65BC-8556-40B7-9FF3-4C992A67C1D5}.AppStore|Any CPU.Deploy.0 = Release|Any CPU
		{FEDE65BC-8556-40B7-9FF3-4C992A67C1D5}.AppStore|iPhone.ActiveCfg = Release|Any CPU
		{FEDE65BC-8556-40B7-9FF3-4C992A67C1D5}.AppStore|iPhone.Build.0 = Release|Any CPU
		{FEDE65BC-8556-40B7-9FF3-4C992A67C1D5}.AppStore|iPhone.Deploy.0 = Release|Any CPU
		{FEDE65BC-8556-40B7-9FF3-4C992A67C1D5}.AppStore|iPhoneSimulator.ActiveCfg = Release|Any CPU
		{FEDE65BC-8556-40B7-9FF3-4C992A67C1D5}.AppStore|iPhoneSimulator.Build.0 = Release|Any CPU
		{FEDE65BC-8556-40B7-9FF3-4C992A67C1D5}.AppStore|iPhoneSimulator.Deploy.0 = Release|Any CPU
		{FEDE65BC-8556-40B7-9FF3-4C992A67C1D5}.Debug|Any CPU.ActiveCfg = Debug|Any CPU
		{FEDE65BC-8556-40B7-9FF3-4C992A67C1D5}.Debug|Any CPU.Build.0 = Debug|Any CPU
		{FEDE65BC-8556-40B7-9FF3-4C992A67C1D5}.Debug|Any CPU.Deploy.0 = Debug|Any CPU
		{FEDE65BC-8556-40B7-9FF3-4C992A67C1D5}.Debug|iPhone.ActiveCfg = Debug|Any CPU
		{FEDE65BC-8556-40B7-9FF3-4C992A67C1D5}.Debug|iPhone.Build.0 = Debug|Any CPU
		{FEDE65BC-8556-40B7-9FF3-4C992A67C1D5}.Debug|iPhone.Deploy.0 = Debug|Any CPU
		{FEDE65BC-8556-40B7-9FF3-4C992A67C1D5}.Debug|iPhoneSimulator.ActiveCfg = Debug|Any CPU
		{FEDE65BC-8556-40B7-9FF3-4C992A67C1D5}.Debug|iPhoneSimulator.Build.0 = Debug|Any CPU
		{FEDE65BC-8556-40B7-9FF3-4C992A67C1D5}.Debug|iPhoneSimulator.Deploy.0 = Debug|Any CPU
		{FEDE65BC-8556-40B7-9FF3-4C992A67C1D5}.Release|Any CPU.ActiveCfg = Release|Any CPU
		{FEDE65BC-8556-40B7-9FF3-4C992A67C1D5}.Release|Any CPU.Build.0 = Release|Any CPU
		{FEDE65BC-8556-40B7-9FF3-4C992A67C1D5}.Release|Any CPU.Deploy.0 = Release|Any CPU
		{FEDE65BC-8556-40B7-9FF3-4C992A67C1D5}.Release|iPhone.ActiveCfg = Release|Any CPU
		{FEDE65BC-8556-40B7-9FF3-4C992A67C1D5}.Release|iPhone.Build.0 = Release|Any CPU
		{FEDE65BC-8556-40B7-9FF3-4C992A67C1D5}.Release|iPhone.Deploy.0 = Release|Any CPU
		{FEDE65BC-8556-40B7-9FF3-4C992A67C1D5}.Release|iPhoneSimulator.ActiveCfg = Release|Any CPU
		{FEDE65BC-8556-40B7-9FF3-4C992A67C1D5}.Release|iPhoneSimulator.Build.0 = Release|Any CPU
		{FEDE65BC-8556-40B7-9FF3-4C992A67C1D5}.Release|iPhoneSimulator.Deploy.0 = Release|Any CPU
		{3E44F201-A9F5-4300-9D01-891E62E78E97}.Ad-Hoc|Any CPU.ActiveCfg = Ad-Hoc|iPhone
		{3E44F201-A9F5-4300-9D01-891E62E78E97}.Ad-Hoc|Any CPU.Build.0 = Ad-Hoc|iPhone
		{3E44F201-A9F5-4300-9D01-891E62E78E97}.Ad-Hoc|Any CPU.Deploy.0 = Ad-Hoc|iPhone
		{3E44F201-A9F5-4300-9D01-891E62E78E97}.Ad-Hoc|iPhone.ActiveCfg = Ad-Hoc|iPhone
		{3E44F201-A9F5-4300-9D01-891E62E78E97}.Ad-Hoc|iPhone.Build.0 = Ad-Hoc|iPhone
		{3E44F201-A9F5-4300-9D01-891E62E78E97}.Ad-Hoc|iPhone.Deploy.0 = Ad-Hoc|iPhone
		{3E44F201-A9F5-4300-9D01-891E62E78E97}.Ad-Hoc|iPhoneSimulator.ActiveCfg = Ad-Hoc|iPhoneSimulator
		{3E44F201-A9F5-4300-9D01-891E62E78E97}.Ad-Hoc|iPhoneSimulator.Build.0 = Ad-Hoc|iPhoneSimulator
		{3E44F201-A9F5-4300-9D01-891E62E78E97}.Ad-Hoc|iPhoneSimulator.Deploy.0 = Ad-Hoc|iPhoneSimulator
		{3E44F201-A9F5-4300-9D01-891E62E78E97}.AppStore|Any CPU.ActiveCfg = AppStore|iPhone
		{3E44F201-A9F5-4300-9D01-891E62E78E97}.AppStore|Any CPU.Build.0 = AppStore|iPhone
		{3E44F201-A9F5-4300-9D01-891E62E78E97}.AppStore|Any CPU.Deploy.0 = AppStore|iPhone
		{3E44F201-A9F5-4300-9D01-891E62E78E97}.AppStore|iPhone.ActiveCfg = AppStore|iPhone
		{3E44F201-A9F5-4300-9D01-891E62E78E97}.AppStore|iPhone.Build.0 = AppStore|iPhone
		{3E44F201-A9F5-4300-9D01-891E62E78E97}.AppStore|iPhone.Deploy.0 = AppStore|iPhone
		{3E44F201-A9F5-4300-9D01-891E62E78E97}.AppStore|iPhoneSimulator.ActiveCfg = AppStore|iPhoneSimulator
		{3E44F201-A9F5-4300-9D01-891E62E78E97}.AppStore|iPhoneSimulator.Build.0 = AppStore|iPhoneSimulator
		{3E44F201-A9F5-4300-9D01-891E62E78E97}.AppStore|iPhoneSimulator.Deploy.0 = AppStore|iPhoneSimulator
		{3E44F201-A9F5-4300-9D01-891E62E78E97}.Debug|Any CPU.ActiveCfg = Debug|iPhoneSimulator
		{3E44F201-A9F5-4300-9D01-891E62E78E97}.Debug|Any CPU.Build.0 = Debug|iPhoneSimulator
		{3E44F201-A9F5-4300-9D01-891E62E78E97}.Debug|Any CPU.Deploy.0 = Debug|iPhoneSimulator
		{3E44F201-A9F5-4300-9D01-891E62E78E97}.Debug|iPhone.ActiveCfg = Debug|iPhone
		{3E44F201-A9F5-4300-9D01-891E62E78E97}.Debug|iPhone.Build.0 = Debug|iPhone
		{3E44F201-A9F5-4300-9D01-891E62E78E97}.Debug|iPhone.Deploy.0 = Debug|iPhone
		{3E44F201-A9F5-4300-9D01-891E62E78E97}.Debug|iPhoneSimulator.ActiveCfg = Debug|iPhoneSimulator
		{3E44F201-A9F5-4300-9D01-891E62E78E97}.Debug|iPhoneSimulator.Build.0 = Debug|iPhoneSimulator
		{3E44F201-A9F5-4300-9D01-891E62E78E97}.Debug|iPhoneSimulator.Deploy.0 = Debug|iPhoneSimulator
		{3E44F201-A9F5-4300-9D01-891E62E78E97}.Release|Any CPU.ActiveCfg = Release|iPhone
		{3E44F201-A9F5-4300-9D01-891E62E78E97}.Release|Any CPU.Build.0 = Release|iPhone
		{3E44F201-A9F5-4300-9D01-891E62E78E97}.Release|Any CPU.Deploy.0 = Release|iPhone
		{3E44F201-A9F5-4300-9D01-891E62E78E97}.Release|iPhone.ActiveCfg = Release|iPhone
		{3E44F201-A9F5-4300-9D01-891E62E78E97}.Release|iPhone.Build.0 = Release|iPhone
		{3E44F201-A9F5-4300-9D01-891E62E78E97}.Release|iPhone.Deploy.0 = Release|iPhone
		{3E44F201-A9F5-4300-9D01-891E62E78E97}.Release|iPhoneSimulator.ActiveCfg = Release|iPhoneSimulator
		{3E44F201-A9F5-4300-9D01-891E62E78E97}.Release|iPhoneSimulator.Build.0 = Release|iPhoneSimulator
		{3E44F201-A9F5-4300-9D01-891E62E78E97}.Release|iPhoneSimulator.Deploy.0 = Release|iPhoneSimulator
		{146C167D-B16C-46F0-88B2-AA6523EBCD71}.Ad-Hoc|Any CPU.ActiveCfg = Debug|Any CPU
		{146C167D-B16C-46F0-88B2-AA6523EBCD71}.Ad-Hoc|Any CPU.Build.0 = Debug|Any CPU
		{146C167D-B16C-46F0-88B2-AA6523EBCD71}.Ad-Hoc|Any CPU.Deploy.0 = Debug|Any CPU
		{146C167D-B16C-46F0-88B2-AA6523EBCD71}.Ad-Hoc|iPhone.ActiveCfg = Debug|Any CPU
		{146C167D-B16C-46F0-88B2-AA6523EBCD71}.Ad-Hoc|iPhone.Build.0 = Debug|Any CPU
		{146C167D-B16C-46F0-88B2-AA6523EBCD71}.Ad-Hoc|iPhone.Deploy.0 = Debug|Any CPU
		{146C167D-B16C-46F0-88B2-AA6523EBCD71}.Ad-Hoc|iPhoneSimulator.ActiveCfg = Debug|Any CPU
		{146C167D-B16C-46F0-88B2-AA6523EBCD71}.Ad-Hoc|iPhoneSimulator.Build.0 = Debug|Any CPU
		{146C167D-B16C-46F0-88B2-AA6523EBCD71}.Ad-Hoc|iPhoneSimulator.Deploy.0 = Debug|Any CPU
		{146C167D-B16C-46F0-88B2-AA6523EBCD71}.AppStore|Any CPU.ActiveCfg = Debug|Any CPU
		{146C167D-B16C-46F0-88B2-AA6523EBCD71}.AppStore|Any CPU.Build.0 = Debug|Any CPU
		{146C167D-B16C-46F0-88B2-AA6523EBCD71}.AppStore|Any CPU.Deploy.0 = Debug|Any CPU
		{146C167D-B16C-46F0-88B2-AA6523EBCD71}.AppStore|iPhone.ActiveCfg = Debug|Any CPU
		{146C167D-B16C-46F0-88B2-AA6523EBCD71}.AppStore|iPhone.Build.0 = Debug|Any CPU
		{146C167D-B16C-46F0-88B2-AA6523EBCD71}.AppStore|iPhone.Deploy.0 = Debug|Any CPU
		{146C167D-B16C-46F0-88B2-AA6523EBCD71}.AppStore|iPhoneSimulator.ActiveCfg = Debug|Any CPU
		{146C167D-B16C-46F0-88B2-AA6523EBCD71}.AppStore|iPhoneSimulator.Build.0 = Debug|Any CPU
		{146C167D-B16C-46F0-88B2-AA6523EBCD71}.AppStore|iPhoneSimulator.Deploy.0 = Debug|Any CPU
		{146C167D-B16C-46F0-88B2-AA6523EBCD71}.Debug|Any CPU.ActiveCfg = Debug|Any CPU
		{146C167D-B16C-46F0-88B2-AA6523EBCD71}.Debug|Any CPU.Build.0 = Debug|Any CPU
		{146C167D-B16C-46F0-88B2-AA6523EBCD71}.Debug|Any CPU.Deploy.0 = Debug|Any CPU
		{146C167D-B16C-46F0-88B2-AA6523EBCD71}.Debug|iPhone.ActiveCfg = Debug|Any CPU
		{146C167D-B16C-46F0-88B2-AA6523EBCD71}.Debug|iPhone.Build.0 = Debug|Any CPU
		{146C167D-B16C-46F0-88B2-AA6523EBCD71}.Debug|iPhone.Deploy.0 = Debug|Any CPU
		{146C167D-B16C-46F0-88B2-AA6523EBCD71}.Debug|iPhoneSimulator.ActiveCfg = Debug|Any CPU
		{146C167D-B16C-46F0-88B2-AA6523EBCD71}.Debug|iPhoneSimulator.Build.0 = Debug|Any CPU
		{146C167D-B16C-46F0-88B2-AA6523EBCD71}.Debug|iPhoneSimulator.Deploy.0 = Debug|Any CPU
		{146C167D-B16C-46F0-88B2-AA6523EBCD71}.Release|Any CPU.ActiveCfg = Release|Any CPU
		{146C167D-B16C-46F0-88B2-AA6523EBCD71}.Release|Any CPU.Build.0 = Release|Any CPU
		{146C167D-B16C-46F0-88B2-AA6523EBCD71}.Release|Any CPU.Deploy.0 = Release|Any CPU
		{146C167D-B16C-46F0-88B2-AA6523EBCD71}.Release|iPhone.ActiveCfg = Release|Any CPU
		{146C167D-B16C-46F0-88B2-AA6523EBCD71}.Release|iPhone.Build.0 = Release|Any CPU
		{146C167D-B16C-46F0-88B2-AA6523EBCD71}.Release|iPhone.Deploy.0 = Release|Any CPU
		{146C167D-B16C-46F0-88B2-AA6523EBCD71}.Release|iPhoneSimulator.ActiveCfg = Release|Any CPU
		{146C167D-B16C-46F0-88B2-AA6523EBCD71}.Release|iPhoneSimulator.Build.0 = Release|Any CPU
		{146C167D-B16C-46F0-88B2-AA6523EBCD71}.Release|iPhoneSimulator.Deploy.0 = Release|Any CPU
		{4AF95A42-9326-4984-A141-5E0DF8D3062A}.Ad-Hoc|Any CPU.ActiveCfg = Release|Any CPU
		{4AF95A42-9326-4984-A141-5E0DF8D3062A}.Ad-Hoc|Any CPU.Build.0 = Release|Any CPU
		{4AF95A42-9326-4984-A141-5E0DF8D3062A}.Ad-Hoc|iPhone.ActiveCfg = Release|Any CPU
		{4AF95A42-9326-4984-A141-5E0DF8D3062A}.Ad-Hoc|iPhone.Build.0 = Release|Any CPU
		{4AF95A42-9326-4984-A141-5E0DF8D3062A}.Ad-Hoc|iPhoneSimulator.ActiveCfg = Release|Any CPU
		{4AF95A42-9326-4984-A141-5E0DF8D3062A}.Ad-Hoc|iPhoneSimulator.Build.0 = Release|Any CPU
		{4AF95A42-9326-4984-A141-5E0DF8D3062A}.AppStore|Any CPU.ActiveCfg = Release|Any CPU
		{4AF95A42-9326-4984-A141-5E0DF8D3062A}.AppStore|Any CPU.Build.0 = Release|Any CPU
		{4AF95A42-9326-4984-A141-5E0DF8D3062A}.AppStore|iPhone.ActiveCfg = Release|Any CPU
		{4AF95A42-9326-4984-A141-5E0DF8D3062A}.AppStore|iPhone.Build.0 = Release|Any CPU
		{4AF95A42-9326-4984-A141-5E0DF8D3062A}.AppStore|iPhoneSimulator.ActiveCfg = Release|Any CPU
		{4AF95A42-9326-4984-A141-5E0DF8D3062A}.AppStore|iPhoneSimulator.Build.0 = Release|Any CPU
		{4AF95A42-9326-4984-A141-5E0DF8D3062A}.Debug|Any CPU.ActiveCfg = Debug|Any CPU
		{4AF95A42-9326-4984-A141-5E0DF8D3062A}.Debug|Any CPU.Build.0 = Debug|Any CPU
		{4AF95A42-9326-4984-A141-5E0DF8D3062A}.Debug|iPhone.ActiveCfg = Debug|Any CPU
		{4AF95A42-9326-4984-A141-5E0DF8D3062A}.Debug|iPhone.Build.0 = Debug|Any CPU
		{4AF95A42-9326-4984-A141-5E0DF8D3062A}.Debug|iPhoneSimulator.ActiveCfg = Debug|Any CPU
		{4AF95A42-9326-4984-A141-5E0DF8D3062A}.Debug|iPhoneSimulator.Build.0 = Debug|Any CPU
		{4AF95A42-9326-4984-A141-5E0DF8D3062A}.Release|Any CPU.ActiveCfg = Release|Any CPU
		{4AF95A42-9326-4984-A141-5E0DF8D3062A}.Release|Any CPU.Build.0 = Release|Any CPU
		{4AF95A42-9326-4984-A141-5E0DF8D3062A}.Release|iPhone.ActiveCfg = Release|Any CPU
		{4AF95A42-9326-4984-A141-5E0DF8D3062A}.Release|iPhone.Build.0 = Release|Any CPU
		{4AF95A42-9326-4984-A141-5E0DF8D3062A}.Release|iPhoneSimulator.ActiveCfg = Release|Any CPU
		{4AF95A42-9326-4984-A141-5E0DF8D3062A}.Release|iPhoneSimulator.Build.0 = Release|Any CPU
		{CDD9A76C-EBFA-41BC-8087-0F8F537F7323}.Ad-Hoc|Any CPU.ActiveCfg = Release|Any CPU
		{CDD9A76C-EBFA-41BC-8087-0F8F537F7323}.Ad-Hoc|Any CPU.Build.0 = Release|Any CPU
		{CDD9A76C-EBFA-41BC-8087-0F8F537F7323}.Ad-Hoc|iPhone.ActiveCfg = Release|Any CPU
		{CDD9A76C-EBFA-41BC-8087-0F8F537F7323}.Ad-Hoc|iPhone.Build.0 = Release|Any CPU
		{CDD9A76C-EBFA-41BC-8087-0F8F537F7323}.Ad-Hoc|iPhoneSimulator.ActiveCfg = Release|Any CPU
		{CDD9A76C-EBFA-41BC-8087-0F8F537F7323}.Ad-Hoc|iPhoneSimulator.Build.0 = Release|Any CPU
		{CDD9A76C-EBFA-41BC-8087-0F8F537F7323}.AppStore|Any CPU.ActiveCfg = Release|Any CPU
		{CDD9A76C-EBFA-41BC-8087-0F8F537F7323}.AppStore|Any CPU.Build.0 = Release|Any CPU
		{CDD9A76C-EBFA-41BC-8087-0F8F537F7323}.AppStore|iPhone.ActiveCfg = Release|Any CPU
		{CDD9A76C-EBFA-41BC-8087-0F8F537F7323}.AppStore|iPhone.Build.0 = Release|Any CPU
		{CDD9A76C-EBFA-41BC-8087-0F8F537F7323}.AppStore|iPhoneSimulator.ActiveCfg = Release|Any CPU
		{CDD9A76C-EBFA-41BC-8087-0F8F537F7323}.AppStore|iPhoneSimulator.Build.0 = Release|Any CPU
		{CDD9A76C-EBFA-41BC-8087-0F8F537F7323}.Debug|Any CPU.ActiveCfg = Debug|Any CPU
		{CDD9A76C-EBFA-41BC-8087-0F8F537F7323}.Debug|Any CPU.Build.0 = Debug|Any CPU
		{CDD9A76C-EBFA-41BC-8087-0F8F537F7323}.Debug|iPhone.ActiveCfg = Debug|Any CPU
		{CDD9A76C-EBFA-41BC-8087-0F8F537F7323}.Debug|iPhone.Build.0 = Debug|Any CPU
		{CDD9A76C-EBFA-41BC-8087-0F8F537F7323}.Debug|iPhoneSimulator.ActiveCfg = Debug|Any CPU
		{CDD9A76C-EBFA-41BC-8087-0F8F537F7323}.Debug|iPhoneSimulator.Build.0 = Debug|Any CPU
		{CDD9A76C-EBFA-41BC-8087-0F8F537F7323}.Release|Any CPU.ActiveCfg = Release|Any CPU
		{CDD9A76C-EBFA-41BC-8087-0F8F537F7323}.Release|Any CPU.Build.0 = Release|Any CPU
		{CDD9A76C-EBFA-41BC-8087-0F8F537F7323}.Release|iPhone.ActiveCfg = Release|Any CPU
		{CDD9A76C-EBFA-41BC-8087-0F8F537F7323}.Release|iPhone.Build.0 = Release|Any CPU
		{CDD9A76C-EBFA-41BC-8087-0F8F537F7323}.Release|iPhoneSimulator.ActiveCfg = Release|Any CPU
		{CDD9A76C-EBFA-41BC-8087-0F8F537F7323}.Release|iPhoneSimulator.Build.0 = Release|Any CPU
		{DA91483D-FB58-4A92-9D35-67B6600267FF}.Ad-Hoc|Any CPU.ActiveCfg = Release|Any CPU
		{DA91483D-FB58-4A92-9D35-67B6600267FF}.Ad-Hoc|Any CPU.Build.0 = Release|Any CPU
		{DA91483D-FB58-4A92-9D35-67B6600267FF}.Ad-Hoc|iPhone.ActiveCfg = Release|Any CPU
		{DA91483D-FB58-4A92-9D35-67B6600267FF}.Ad-Hoc|iPhone.Build.0 = Release|Any CPU
		{DA91483D-FB58-4A92-9D35-67B6600267FF}.Ad-Hoc|iPhoneSimulator.ActiveCfg = Release|Any CPU
		{DA91483D-FB58-4A92-9D35-67B6600267FF}.Ad-Hoc|iPhoneSimulator.Build.0 = Release|Any CPU
		{DA91483D-FB58-4A92-9D35-67B6600267FF}.AppStore|Any CPU.ActiveCfg = Release|Any CPU
		{DA91483D-FB58-4A92-9D35-67B6600267FF}.AppStore|Any CPU.Build.0 = Release|Any CPU
		{DA91483D-FB58-4A92-9D35-67B6600267FF}.AppStore|iPhone.ActiveCfg = Release|Any CPU
		{DA91483D-FB58-4A92-9D35-67B6600267FF}.AppStore|iPhone.Build.0 = Release|Any CPU
		{DA91483D-FB58-4A92-9D35-67B6600267FF}.AppStore|iPhoneSimulator.ActiveCfg = Release|Any CPU
		{DA91483D-FB58-4A92-9D35-67B6600267FF}.AppStore|iPhoneSimulator.Build.0 = Release|Any CPU
		{DA91483D-FB58-4A92-9D35-67B6600267FF}.Debug|Any CPU.ActiveCfg = Debug|Any CPU
		{DA91483D-FB58-4A92-9D35-67B6600267FF}.Debug|Any CPU.Build.0 = Debug|Any CPU
		{DA91483D-FB58-4A92-9D35-67B6600267FF}.Debug|iPhone.ActiveCfg = Debug|Any CPU
		{DA91483D-FB58-4A92-9D35-67B6600267FF}.Debug|iPhone.Build.0 = Debug|Any CPU
		{DA91483D-FB58-4A92-9D35-67B6600267FF}.Debug|iPhoneSimulator.ActiveCfg = Debug|Any CPU
		{DA91483D-FB58-4A92-9D35-67B6600267FF}.Debug|iPhoneSimulator.Build.0 = Debug|Any CPU
		{DA91483D-FB58-4A92-9D35-67B6600267FF}.Release|Any CPU.ActiveCfg = Release|Any CPU
		{DA91483D-FB58-4A92-9D35-67B6600267FF}.Release|Any CPU.Build.0 = Release|Any CPU
		{DA91483D-FB58-4A92-9D35-67B6600267FF}.Release|iPhone.ActiveCfg = Release|Any CPU
		{DA91483D-FB58-4A92-9D35-67B6600267FF}.Release|iPhone.Build.0 = Release|Any CPU
		{DA91483D-FB58-4A92-9D35-67B6600267FF}.Release|iPhoneSimulator.ActiveCfg = Release|Any CPU
		{DA91483D-FB58-4A92-9D35-67B6600267FF}.Release|iPhoneSimulator.Build.0 = Release|Any CPU
		{53A77C29-92D1-4F81-8FB0-1875583A1F44}.Ad-Hoc|Any CPU.ActiveCfg = Release|Any CPU
		{53A77C29-92D1-4F81-8FB0-1875583A1F44}.Ad-Hoc|Any CPU.Build.0 = Release|Any CPU
		{53A77C29-92D1-4F81-8FB0-1875583A1F44}.Ad-Hoc|iPhone.ActiveCfg = Release|Any CPU
		{53A77C29-92D1-4F81-8FB0-1875583A1F44}.Ad-Hoc|iPhone.Build.0 = Release|Any CPU
		{53A77C29-92D1-4F81-8FB0-1875583A1F44}.Ad-Hoc|iPhoneSimulator.ActiveCfg = Release|Any CPU
		{53A77C29-92D1-4F81-8FB0-1875583A1F44}.Ad-Hoc|iPhoneSimulator.Build.0 = Release|Any CPU
		{53A77C29-92D1-4F81-8FB0-1875583A1F44}.AppStore|Any CPU.ActiveCfg = Release|Any CPU
		{53A77C29-92D1-4F81-8FB0-1875583A1F44}.AppStore|Any CPU.Build.0 = Release|Any CPU
		{53A77C29-92D1-4F81-8FB0-1875583A1F44}.AppStore|iPhone.ActiveCfg = Release|Any CPU
		{53A77C29-92D1-4F81-8FB0-1875583A1F44}.AppStore|iPhone.Build.0 = Release|Any CPU
		{53A77C29-92D1-4F81-8FB0-1875583A1F44}.AppStore|iPhoneSimulator.ActiveCfg = Release|Any CPU
		{53A77C29-92D1-4F81-8FB0-1875583A1F44}.AppStore|iPhoneSimulator.Build.0 = Release|Any CPU
		{53A77C29-92D1-4F81-8FB0-1875583A1F44}.Debug|Any CPU.ActiveCfg = Debug|Any CPU
		{53A77C29-92D1-4F81-8FB0-1875583A1F44}.Debug|Any CPU.Build.0 = Debug|Any CPU
		{53A77C29-92D1-4F81-8FB0-1875583A1F44}.Debug|iPhone.ActiveCfg = Debug|Any CPU
		{53A77C29-92D1-4F81-8FB0-1875583A1F44}.Debug|iPhone.Build.0 = Debug|Any CPU
		{53A77C29-92D1-4F81-8FB0-1875583A1F44}.Debug|iPhoneSimulator.ActiveCfg = Debug|Any CPU
		{53A77C29-92D1-4F81-8FB0-1875583A1F44}.Debug|iPhoneSimulator.Build.0 = Debug|Any CPU
		{53A77C29-92D1-4F81-8FB0-1875583A1F44}.Release|Any CPU.ActiveCfg = Release|Any CPU
		{53A77C29-92D1-4F81-8FB0-1875583A1F44}.Release|Any CPU.Build.0 = Release|Any CPU
		{53A77C29-92D1-4F81-8FB0-1875583A1F44}.Release|iPhone.ActiveCfg = Release|Any CPU
		{53A77C29-92D1-4F81-8FB0-1875583A1F44}.Release|iPhone.Build.0 = Release|Any CPU
		{53A77C29-92D1-4F81-8FB0-1875583A1F44}.Release|iPhoneSimulator.ActiveCfg = Release|Any CPU
		{53A77C29-92D1-4F81-8FB0-1875583A1F44}.Release|iPhoneSimulator.Build.0 = Release|Any CPU
	EndGlobalSection
	GlobalSection(SolutionProperties) = preSolution
		HideSolutionNode = FALSE
	EndGlobalSection
	GlobalSection(ExtensibilityGlobals) = postSolution
		SolutionGuid = {F3B74905-B9B0-4E52-831D-296596C27BD8}
	EndGlobalSection
EndGlobal
